// !$*UTF8*$!
{
	archiveVersion = 1;
	classes = {
	};
	objectVersion = 46;
	objects = {

/* Begin PBXBuildFile section */
		2553CF131941BAE4002A5E21 /* Cocoa.framework in Frameworks */ = {isa = PBXBuildFile; fileRef = 2553CF121941BAE4002A5E21 /* Cocoa.framework */; };
		2553CF151941BAE4002A5E21 /* AppleScriptObjC.framework in Frameworks */ = {isa = PBXBuildFile; fileRef = 2553CF141941BAE4002A5E21 /* AppleScriptObjC.framework */; };
		2553CF1F1941BAE4002A5E21 /* InfoPlist.strings in Resources */ = {isa = PBXBuildFile; fileRef = 2553CF1D1941BAE4002A5E21 /* InfoPlist.strings */; };
		2553CF211941BAE4002A5E21 /* main.m in Sources */ = {isa = PBXBuildFile; fileRef = 2553CF201941BAE4002A5E21 /* main.m */; };
		2553CF251941BAE4002A5E21 /* Credits.rtf in Resources */ = {isa = PBXBuildFile; fileRef = 2553CF231941BAE4002A5E21 /* Credits.rtf */; };
		2553CF271941BAE4002A5E21 /* AppDelegate.applescript in Sources */ = {isa = PBXBuildFile; fileRef = 2553CF261941BAE4002A5E21 /* AppDelegate.applescript */; };
		2553CF2A1941BAE4002A5E21 /* MainMenu.xib in Resources */ = {isa = PBXBuildFile; fileRef = 2553CF281941BAE4002A5E21 /* MainMenu.xib */; };
		2553CF2C1941BAE4002A5E21 /* Images.xcassets in Resources */ = {isa = PBXBuildFile; fileRef = 2553CF2B1941BAE4002A5E21 /* Images.xcassets */; };
		2553CF331941BBAE002A5E21 /* ViewDataObject.applescript in Sources */ = {isa = PBXBuildFile; fileRef = 2553CF321941BBAE002A5E21 /* ViewDataObject.applescript */; };
/* End PBXBuildFile section */

/* Begin PBXFileReference section */
		2553CF0F1941BAE4002A5E21 /* Table View.app */ = {isa = PBXFileReference; explicitFileType = wrapper.application; includeInIndex = 0; path = "Table View.app"; sourceTree = BUILT_PRODUCTS_DIR; };
		2553CF121941BAE4002A5E21 /* Cocoa.framework */ = {isa = PBXFileReference; lastKnownFileType = wrapper.framework; name = Cocoa.framework; path = System/Library/Frameworks/Cocoa.framework; sourceTree = SDKROOT; };
		2553CF141941BAE4002A5E21 /* AppleScriptObjC.framework */ = {isa = PBXFileReference; lastKnownFileType = wrapper.framework; name = AppleScriptObjC.framework; path = System/Library/Frameworks/AppleScriptObjC.framework; sourceTree = SDKROOT; };
		2553CF171941BAE4002A5E21 /* AppKit.framework */ = {isa = PBXFileReference; lastKnownFileType = wrapper.framework; name = AppKit.framework; path = System/Library/Frameworks/AppKit.framework; sourceTree = SDKROOT; };
		2553CF181941BAE4002A5E21 /* CoreData.framework */ = {isa = PBXFileReference; lastKnownFileType = wrapper.framework; name = CoreData.framework; path = System/Library/Frameworks/CoreData.framework; sourceTree = SDKROOT; };
		2553CF191941BAE4002A5E21 /* Foundation.framework */ = {isa = PBXFileReference; lastKnownFileType = wrapper.framework; name = Foundation.framework; path = System/Library/Frameworks/Foundation.framework; sourceTree = SDKROOT; };
		2553CF1C1941BAE4002A5E21 /* Table View-Info.plist */ = {isa = PBXFileReference; lastKnownFileType = text.plist.xml; path = "Table View-Info.plist"; sourceTree = "<group>"; };
		2553CF1E1941BAE4002A5E21 /* en */ = {isa = PBXFileReference; lastKnownFileType = text.plist.strings; name = en; path = en.lproj/InfoPlist.strings; sourceTree = "<group>"; };
		2553CF201941BAE4002A5E21 /* main.m */ = {isa = PBXFileReference; lastKnownFileType = sourcecode.c.objc; path = main.m; sourceTree = "<group>"; };
		2553CF221941BAE4002A5E21 /* Table View-Prefix.pch */ = {isa = PBXFileReference; lastKnownFileType = sourcecode.c.h; path = "Table View-Prefix.pch"; sourceTree = "<group>"; };
		2553CF241941BAE4002A5E21 /* en */ = {isa = PBXFileReference; lastKnownFileType = text.rtf; name = en; path = en.lproj/Credits.rtf; sourceTree = "<group>"; };
		2553CF261941BAE4002A5E21 /* AppDelegate.applescript */ = {isa = PBXFileReference; lastKnownFileType = sourcecode.applescript; path = AppDelegate.applescript; sourceTree = "<group>"; };
		2553CF291941BAE4002A5E21 /* Base */ = {isa = PBXFileReference; lastKnownFileType = file.xib; name = Base; path = Base.lproj/MainMenu.xib; sourceTree = "<group>"; };
		2553CF2B1941BAE4002A5E21 /* Images.xcassets */ = {isa = PBXFileReference; lastKnownFileType = folder.assetcatalog; path = Images.xcassets; sourceTree = "<group>"; };
		2553CF321941BBAE002A5E21 /* ViewDataObject.applescript */ = {isa = PBXFileReference; fileEncoding = 4; lastKnownFileType = sourcecode.applescript; path = ViewDataObject.applescript; sourceTree = "<group>"; };
/* End PBXFileReference section */

/* Begin PBXFrameworksBuildPhase section */
		2553CF0C1941BAE4002A5E21 /* Frameworks */ = {
			isa = PBXFrameworksBuildPhase;
			buildActionMask = 2147483647;
			files = (
				2553CF151941BAE4002A5E21 /* AppleScriptObjC.framework in Frameworks */,
				2553CF131941BAE4002A5E21 /* Cocoa.framework in Frameworks */,
			);
			runOnlyForDeploymentPostprocessing = 0;
		};
/* End PBXFrameworksBuildPhase section */

/* Begin PBXGroup section */
		2553CF061941BAE4002A5E21 = {
			isa = PBXGroup;
			children = (
				2553CF1A1941BAE4002A5E21 /* Table View */,
				2553CF111941BAE4002A5E21 /* Frameworks */,
				2553CF101941BAE4002A5E21 /* Products */,
			);
			sourceTree = "<group>";
		};
		2553CF101941BAE4002A5E21 /* Products */ = {
			isa = PBXGroup;
			children = (
				2553CF0F1941BAE4002A5E21 /* Table View.app */,
			);
			name = Products;
			sourceTree = "<group>";
		};
		2553CF111941BAE4002A5E21 /* Frameworks */ = {
			isa = PBXGroup;
			children = (
				2553CF121941BAE4002A5E21 /* Cocoa.framework */,
				2553CF141941BAE4002A5E21 /* AppleScriptObjC.framework */,
				2553CF161941BAE4002A5E21 /* Other Frameworks */,
			);
			name = Frameworks;
			sourceTree = "<group>";
		};
		2553CF161941BAE4002A5E21 /* Other Frameworks */ = {
			isa = PBXGroup;
			children = (
				2553CF171941BAE4002A5E21 /* AppKit.framework */,
				2553CF181941BAE4002A5E21 /* CoreData.framework */,
				2553CF191941BAE4002A5E21 /* Foundation.framework */,
			);
			name = "Other Frameworks";
			sourceTree = "<group>";
		};
		2553CF1A1941BAE4002A5E21 /* Table View */ = {
			isa = PBXGroup;
			children = (
				2553CF261941BAE4002A5E21 /* AppDelegate.applescript */,
				2553CF281941BAE4002A5E21 /* MainMenu.xib */,
				2553CF2B1941BAE4002A5E21 /* Images.xcassets */,
				2553CF1B1941BAE4002A5E21 /* Supporting Files */,
				2553CF321941BBAE002A5E21 /* ViewDataObject.applescript */,
			);
			path = "Table View";
			sourceTree = "<group>";
		};
		2553CF1B1941BAE4002A5E21 /* Supporting Files */ = {
			isa = PBXGroup;
			children = (
				2553CF1C1941BAE4002A5E21 /* Table View-Info.plist */,
				2553CF1D1941BAE4002A5E21 /* InfoPlist.strings */,
				2553CF201941BAE4002A5E21 /* main.m */,
				2553CF221941BAE4002A5E21 /* Table View-Prefix.pch */,
				2553CF231941BAE4002A5E21 /* Credits.rtf */,
			);
			name = "Supporting Files";
			sourceTree = "<group>";
		};
/* End PBXGroup section */

/* Begin PBXNativeTarget section */
		2553CF0E1941BAE4002A5E21 /* Table View */ = {
			isa = PBXNativeTarget;
			buildConfigurationList = 2553CF2F1941BAE4002A5E21 /* Build configuration list for PBXNativeTarget "Table View" */;
			buildPhases = (
				2553CF0B1941BAE4002A5E21 /* Sources */,
				2553CF0C1941BAE4002A5E21 /* Frameworks */,
				2553CF0D1941BAE4002A5E21 /* Resources */,
			);
			buildRules = (
			);
			dependencies = (
			);
			name = "Table View";
			productName = "Table View";
			productReference = 2553CF0F1941BAE4002A5E21 /* Table View.app */;
			productType = "com.apple.product-type.application";
		};
/* End PBXNativeTarget section */

/* Begin PBXProject section */
		2553CF071941BAE4002A5E21 /* Project object */ = {
			isa = PBXProject;
			attributes = {
				LastUpgradeCheck = 0510;
				ORGANIZATIONNAME = c9iim;
			};
			buildConfigurationList = 2553CF0A1941BAE4002A5E21 /* Build configuration list for PBXProject "Table View" */;
			compatibilityVersion = "Xcode 3.2";
			developmentRegion = English;
			hasScannedForEncodings = 0;
			knownRegions = (
				en,
				Base,
			);
			mainGroup = 2553CF061941BAE4002A5E21;
			productRefGroup = 2553CF101941BAE4002A5E21 /* Products */;
			projectDirPath = "";
			projectRoot = "";
			targets = (
				2553CF0E1941BAE4002A5E21 /* Table View */,
			);
		};
/* End PBXProject section */

/* Begin PBXResourcesBuildPhase section */
		2553CF0D1941BAE4002A5E21 /* Resources */ = {
			isa = PBXResourcesBuildPhase;
			buildActionMask = 2147483647;
			files = (
				2553CF1F1941BAE4002A5E21 /* InfoPlist.strings in Resources */,
				2553CF2C1941BAE4002A5E21 /* Images.xcassets in Resources */,
				2553CF251941BAE4002A5E21 /* Credits.rtf in Resources */,
				2553CF2A1941BAE4002A5E21 /* MainMenu.xib in Resources */,
			);
			runOnlyForDeploymentPostprocessing = 0;
		};
/* End PBXResourcesBuildPhase section */

/* Begin PBXSourcesBuildPhase section */
		2553CF0B1941BAE4002A5E21 /* Sources */ = {
			isa = PBXSourcesBuildPhase;
			buildActionMask = 2147483647;
			files = (
				2553CF331941BBAE002A5E21 /* ViewDataObject.applescript in Sources */,
				2553CF271941BAE4002A5E21 /* AppDelegate.applescript in Sources */,
				2553CF211941BAE4002A5E21 /* main.m in Sources */,
			);
			runOnlyForDeploymentPostprocessing = 0;
		};
/* End PBXSourcesBuildPhase section */

/* Begin PBXVariantGroup section */
		2553CF1D1941BAE4002A5E21 /* InfoPlist.strings */ = {
			isa = PBXVariantGroup;
			children = (
				2553CF1E1941BAE4002A5E21 /* en */,
			);
			name = InfoPlist.strings;
			sourceTree = "<group>";
		};
		2553CF231941BAE4002A5E21 /* Credits.rtf */ = {
			isa = PBXVariantGroup;
			children = (
				2553CF241941BAE4002A5E21 /* en */,
			);
			name = Credits.rtf;
			sourceTree = "<group>";
		};
		2553CF281941BAE4002A5E21 /* MainMenu.xib */ = {
			isa = PBXVariantGroup;
			children = (
				2553CF291941BAE4002A5E21 /* Base */,
			);
			name = MainMenu.xib;
			sourceTree = "<group>";
		};
/* End PBXVariantGroup section */

/* Begin XCBuildConfiguration section */
		2553CF2D1941BAE4002A5E21 /* Debug */ = {
			isa = XCBuildConfiguration;
			buildSettings = {
				ALWAYS_SEARCH_USER_PATHS = NO;
				CLANG_CXX_LANGUAGE_STANDARD = "gnu++0x";
				CLANG_CXX_LIBRARY = "libc++";
				CLANG_ENABLE_MODULES = YES;
				CLANG_ENABLE_OBJC_ARC = YES;
				CLANG_WARN_BOOL_CONVERSION = YES;
				CLANG_WARN_CONSTANT_CONVERSION = YES;
				CLANG_WARN_DIRECT_OBJC_ISA_USAGE = YES_ERROR;
				CLANG_WARN_EMPTY_BODY = YES;
				CLANG_WARN_ENUM_CONVERSION = YES;
				CLANG_WARN_INT_CONVERSION = YES;
				CLANG_WARN_OBJC_ROOT_CLASS = YES_ERROR;
				CLANG_WARN__DUPLICATE_METHOD_MATCH = YES;
				COPY_PHASE_STRIP = NO;
				GCC_C_LANGUAGE_STANDARD = gnu99;
				GCC_DYNAMIC_NO_PIC = NO;
				GCC_ENABLE_OBJC_EXCEPTIONS = YES;
				GCC_OPTIMIZATION_LEVEL = 0;
				GCC_PREPROCESSOR_DEFINITIONS = (
					"DEBUG=1",
					"$(inherited)",
				);
				GCC_SYMBOLS_PRIVATE_EXTERN = NO;
				GCC_WARN_64_TO_32_BIT_CONVERSION = YES;
				GCC_WARN_ABOUT_RETURN_TYPE = YES_ERROR;
				GCC_WARN_UNDECLARED_SELECTOR = YES;
				GCC_WARN_UNINITIALIZED_AUTOS = YES_AGGRESSIVE;
				GCC_WARN_UNUSED_FUNCTION = YES;
				GCC_WARN_UNUSED_VARIABLE = YES;
				MACOSX_DEPLOYMENT_TARGET = 10.9;
				ONLY_ACTIVE_ARCH = YES;
				SDKROOT = macosx;
			};
			name = Debug;
		};
		2553CF2E1941BAE4002A5E21 /* Release */ = {
			isa = XCBuildConfiguration;
			buildSettings = {
				ALWAYS_SEARCH_USER_PATHS = NO;
				CLANG_CXX_LANGUAGE_STANDARD = "gnu++0x";
				CLANG_CXX_LIBRARY = "libc++";
				CLANG_ENABLE_MODULES = YES;
				CLANG_ENABLE_OBJC_ARC = YES;
				CLANG_WARN_BOOL_CONVERSION = YES;
				CLANG_WARN_CONSTANT_CONVERSION = YES;
				CLANG_WARN_DIRECT_OBJC_ISA_USAGE = YES_ERROR;
				CLANG_WARN_EMPTY_BODY = YES;
				CLANG_WARN_ENUM_CONVERSION = YES;
				CLANG_WARN_INT_CONVERSION = YES;
				CLANG_WARN_OBJC_ROOT_CLASS = YES_ERROR;
				CLANG_WARN__DUPLICATE_METHOD_MATCH = YES;
				COPY_PHASE_STRIP = YES;
				DEBUG_INFORMATION_FORMAT = "dwarf-with-dsym";
				ENABLE_NS_ASSERTIONS = NO;
				GCC_C_LANGUAGE_STANDARD = gnu99;
				GCC_ENABLE_OBJC_EXCEPTIONS = YES;
				GCC_WARN_64_TO_32_BIT_CONVERSION = YES;
				GCC_WARN_ABOUT_RETURN_TYPE = YES_ERROR;
				GCC_WARN_UNDECLARED_SELECTOR = YES;
				GCC_WARN_UNINITIALIZED_AUTOS = YES_AGGRESSIVE;
				GCC_WARN_UNUSED_FUNCTION = YES;
				GCC_WARN_UNUSED_VARIABLE = YES;
				MACOSX_DEPLOYMENT_TARGET = 10.9;
				SDKROOT = macosx;
			};
			name = Release;
		};
		2553CF301941BAE4002A5E21 /* Debug */ = {
			isa = XCBuildConfiguration;
			buildSettings = {
				ASSETCATALOG_COMPILER_APPICON_NAME = AppIcon;
				COMBINE_HIDPI_IMAGES = YES;
				GCC_PRECOMPILE_PREFIX_HEADER = YES;
				GCC_PREFIX_HEADER = "Table View/Table View-Prefix.pch";
				INFOPLIST_FILE = "Table View/Table View-Info.plist";
				PRODUCT_NAME = "$(TARGET_NAME)";
				WRAPPER_EXTENSION = app;
			};
			name = Debug;
		};
		2553CF311941BAE4002A5E21 /* Release */ = {
			isa = XCBuildConfiguration;
			buildSettings = {
				ASSETCATALOG_COMPILER_APPICON_NAME = AppIcon;
				COMBINE_HIDPI_IMAGES = YES;
				GCC_PRECOMPILE_PREFIX_HEADER = YES;
				GCC_PREFIX_HEADER = "Table View/Table View-Prefix.pch";
				INFOPLIST_FILE = "Table View/Table View-Info.plist";
				PRODUCT_NAME = "$(TARGET_NAME)";
				WRAPPER_EXTENSION = app;
			};
			name = Release;
		};
/* End XCBuildConfiguration section */

/* Begin XCConfigurationList section */
		2553CF0A1941BAE4002A5E21 /* Build configuration list for PBXProject "Table View" */ = {
			isa = XCConfigurationList;
			buildConfigurations = (
				2553CF2D1941BAE4002A5E21 /* Debug */,
				2553CF2E1941BAE4002A5E21 /* Release */,
			);
			defaultConfigurationIsVisible = 0;
			defaultConfigurationName = Release;
		};
		2553CF2F1941BAE4002A5E21 /* Build configuration list for PBXNativeTarget "Table View" */ = {
			isa = XCConfigurationList;
			buildConfigurations = (
				2553CF301941BAE4002A5E21 /* Debug */,
				2553CF311941BAE4002A5E21 /* Release */,
			);
			defaultConfigurationIsVisible = 0;
		};
/* End XCConfigurationList section */
	};
	rootObject = 2553CF071941BAE4002A5E21 /* Project object */;
}
