// !$*UTF8*$!
{
	archiveVersion = 1;
	classes = {
	};
	objectVersion = 46;
	objects = {

/* Begin PBXBuildFile section */
		25390C591938C54D000E42FA /* Cocoa.framework in Frameworks */ = {isa = PBXBuildFile; fileRef = 25390C581938C54D000E42FA /* Cocoa.framework */; };
		25390C5B1938C54D000E42FA /* AppleScriptObjC.framework in Frameworks */ = {isa = PBXBuildFile; fileRef = 25390C5A1938C54D000E42FA /* AppleScriptObjC.framework */; };
		25390C651938C54D000E42FA /* InfoPlist.strings in Resources */ = {isa = PBXBuildFile; fileRef = 25390C631938C54D000E42FA /* InfoPlist.strings */; };
		25390C671938C54D000E42FA /* main.m in Sources */ = {isa = PBXBuildFile; fileRef = 25390C661938C54D000E42FA /* main.m */; };
		25390C6B1938C54D000E42FA /* Credits.rtf in Resources */ = {isa = PBXBuildFile; fileRef = 25390C691938C54D000E42FA /* Credits.rtf */; };
		25390C6D1938C54D000E42FA /* AppDelegate.applescript in Sources */ = {isa = PBXBuildFile; fileRef = 25390C6C1938C54D000E42FA /* AppDelegate.applescript */; };
		25390C701938C54D000E42FA /* MainMenu.xib in Resources */ = {isa = PBXBuildFile; fileRef = 25390C6E1938C54D000E42FA /* MainMenu.xib */; };
		25390C721938C54D000E42FA /* Images.xcassets in Resources */ = {isa = PBXBuildFile; fileRef = 25390C711938C54D000E42FA /* Images.xcassets */; };
/* End PBXBuildFile section */

/* Begin PBXFileReference section */
		25390C551938C54D000E42FA /* Calculator.app */ = {isa = PBXFileReference; explicitFileType = wrapper.application; includeInIndex = 0; path = Calculator.app; sourceTree = BUILT_PRODUCTS_DIR; };
		25390C581938C54D000E42FA /* Cocoa.framework */ = {isa = PBXFileReference; lastKnownFileType = wrapper.framework; name = Cocoa.framework; path = System/Library/Frameworks/Cocoa.framework; sourceTree = SDKROOT; };
		25390C5A1938C54D000E42FA /* AppleScriptObjC.framework */ = {isa = PBXFileReference; lastKnownFileType = wrapper.framework; name = AppleScriptObjC.framework; path = System/Library/Frameworks/AppleScriptObjC.framework; sourceTree = SDKROOT; };
		25390C5D1938C54D000E42FA /* AppKit.framework */ = {isa = PBXFileReference; lastKnownFileType = wrapper.framework; name = AppKit.framework; path = System/Library/Frameworks/AppKit.framework; sourceTree = SDKROOT; };
		25390C5E1938C54D000E42FA /* CoreData.framework */ = {isa = PBXFileReference; lastKnownFileType = wrapper.framework; name = CoreData.framework; path = System/Library/Frameworks/CoreData.framework; sourceTree = SDKROOT; };
		25390C5F1938C54D000E42FA /* Foundation.framework */ = {isa = PBXFileReference; lastKnownFileType = wrapper.framework; name = Foundation.framework; path = System/Library/Frameworks/Foundation.framework; sourceTree = SDKROOT; };
		25390C621938C54D000E42FA /* Calculator-Info.plist */ = {isa = PBXFileReference; lastKnownFileType = text.plist.xml; path = "Calculator-Info.plist"; sourceTree = "<group>"; };
		25390C641938C54D000E42FA /* en */ = {isa = PBXFileReference; lastKnownFileType = text.plist.strings; name = en; path = en.lproj/InfoPlist.strings; sourceTree = "<group>"; };
		25390C661938C54D000E42FA /* main.m */ = {isa = PBXFileReference; lastKnownFileType = sourcecode.c.objc; path = main.m; sourceTree = "<group>"; };
		25390C681938C54D000E42FA /* Calculator-Prefix.pch */ = {isa = PBXFileReference; lastKnownFileType = sourcecode.c.h; path = "Calculator-Prefix.pch"; sourceTree = "<group>"; };
		25390C6A1938C54D000E42FA /* en */ = {isa = PBXFileReference; lastKnownFileType = text.rtf; name = en; path = en.lproj/Credits.rtf; sourceTree = "<group>"; };
		25390C6C1938C54D000E42FA /* AppDelegate.applescript */ = {isa = PBXFileReference; lastKnownFileType = sourcecode.applescript; path = AppDelegate.applescript; sourceTree = "<group>"; };
		25390C6F1938C54D000E42FA /* Base */ = {isa = PBXFileReference; lastKnownFileType = file.xib; name = Base; path = Base.lproj/MainMenu.xib; sourceTree = "<group>"; };
		25390C711938C54D000E42FA /* Images.xcassets */ = {isa = PBXFileReference; lastKnownFileType = folder.assetcatalog; path = Images.xcassets; sourceTree = "<group>"; };
		25A69B0D193F5CB300548891 /* Documents */ = {isa = PBXFileReference; lastKnownFileType = folder; path = Documents; sourceTree = "<group>"; };
/* End PBXFileReference section */

/* Begin PBXFrameworksBuildPhase section */
		25390C521938C54D000E42FA /* Frameworks */ = {
			isa = PBXFrameworksBuildPhase;
			buildActionMask = 2147483647;
			files = (
				25390C5B1938C54D000E42FA /* AppleScriptObjC.framework in Frameworks */,
				25390C591938C54D000E42FA /* Cocoa.framework in Frameworks */,
			);
			runOnlyForDeploymentPostprocessing = 0;
		};
/* End PBXFrameworksBuildPhase section */

/* Begin PBXGroup section */
		25390C4C1938C54D000E42FA = {
			isa = PBXGroup;
			children = (
				25A69B0D193F5CB300548891 /* Documents */,
				25390C601938C54D000E42FA /* Calculator */,
				25390C571938C54D000E42FA /* Frameworks */,
				25390C561938C54D000E42FA /* Products */,
			);
			sourceTree = "<group>";
		};
		25390C561938C54D000E42FA /* Products */ = {
			isa = PBXGroup;
			children = (
				25390C551938C54D000E42FA /* Calculator.app */,
			);
			name = Products;
			sourceTree = "<group>";
		};
		25390C571938C54D000E42FA /* Frameworks */ = {
			isa = PBXGroup;
			children = (
				25390C581938C54D000E42FA /* Cocoa.framework */,
				25390C5A1938C54D000E42FA /* AppleScriptObjC.framework */,
				25390C5C1938C54D000E42FA /* Other Frameworks */,
			);
			name = Frameworks;
			sourceTree = "<group>";
		};
		25390C5C1938C54D000E42FA /* Other Frameworks */ = {
			isa = PBXGroup;
			children = (
				25390C5D1938C54D000E42FA /* AppKit.framework */,
				25390C5E1938C54D000E42FA /* CoreData.framework */,
				25390C5F1938C54D000E42FA /* Foundation.framework */,
			);
			name = "Other Frameworks";
			sourceTree = "<group>";
		};
		25390C601938C54D000E42FA /* Calculator */ = {
			isa = PBXGroup;
			children = (
				25390C6C1938C54D000E42FA /* AppDelegate.applescript */,
				25390C6E1938C54D000E42FA /* MainMenu.xib */,
				25390C711938C54D000E42FA /* Images.xcassets */,
				25390C611938C54D000E42FA /* Supporting Files */,
			);
			path = Calculator;
			sourceTree = "<group>";
		};
		25390C611938C54D000E42FA /* Supporting Files */ = {
			isa = PBXGroup;
			children = (
				25390C621938C54D000E42FA /* Calculator-Info.plist */,
				25390C631938C54D000E42FA /* InfoPlist.strings */,
				25390C661938C54D000E42FA /* main.m */,
				25390C681938C54D000E42FA /* Calculator-Prefix.pch */,
				25390C691938C54D000E42FA /* Credits.rtf */,
			);
			name = "Supporting Files";
			sourceTree = "<group>";
		};
/* End PBXGroup section */

/* Begin PBXNativeTarget section */
		25390C541938C54D000E42FA /* Calculator */ = {
			isa = PBXNativeTarget;
			buildConfigurationList = 25390C751938C54D000E42FA /* Build configuration list for PBXNativeTarget "Calculator" */;
			buildPhases = (
				25390C511938C54D000E42FA /* Sources */,
				25390C521938C54D000E42FA /* Frameworks */,
				25390C531938C54D000E42FA /* Resources */,
			);
			buildRules = (
			);
			dependencies = (
			);
			name = Calculator;
			productName = Calculator;
			productReference = 25390C551938C54D000E42FA /* Calculator.app */;
			productType = "com.apple.product-type.application";
		};
/* End PBXNativeTarget section */

/* Begin PBXProject section */
		25390C4D1938C54D000E42FA /* Project object */ = {
			isa = PBXProject;
			attributes = {
				LastUpgradeCheck = 0510;
				ORGANIZATIONNAME = c9iim;
			};
			buildConfigurationList = 25390C501938C54D000E42FA /* Build configuration list for PBXProject "Calculator" */;
			compatibilityVersion = "Xcode 3.2";
			developmentRegion = English;
			hasScannedForEncodings = 0;
			knownRegions = (
				en,
				Base,
			);
			mainGroup = 25390C4C1938C54D000E42FA;
			productRefGroup = 25390C561938C54D000E42FA /* Products */;
			projectDirPath = "";
			projectRoot = "";
			targets = (
				25390C541938C54D000E42FA /* Calculator */,
			);
		};
/* End PBXProject section */

/* Begin PBXResourcesBuildPhase section */
		25390C531938C54D000E42FA /* Resources */ = {
			isa = PBXResourcesBuildPhase;
			buildActionMask = 2147483647;
			files = (
				25390C651938C54D000E42FA /* InfoPlist.strings in Resources */,
				25390C721938C54D000E42FA /* Images.xcassets in Resources */,
				25390C6B1938C54D000E42FA /* Credits.rtf in Resources */,
				25390C701938C54D000E42FA /* MainMenu.xib in Resources */,
			);
			runOnlyForDeploymentPostprocessing = 0;
		};
/* End PBXResourcesBuildPhase section */

/* Begin PBXSourcesBuildPhase section */
		25390C511938C54D000E42FA /* Sources */ = {
			isa = PBXSourcesBuildPhase;
			buildActionMask = 2147483647;
			files = (
				25390C6D1938C54D000E42FA /* AppDelegate.applescript in Sources */,
				25390C671938C54D000E42FA /* main.m in Sources */,
			);
			runOnlyForDeploymentPostprocessing = 0;
		};
/* End PBXSourcesBuildPhase section */

/* Begin PBXVariantGroup section */
		25390C631938C54D000E42FA /* InfoPlist.strings */ = {
			isa = PBXVariantGroup;
			children = (
				25390C641938C54D000E42FA /* en */,
			);
			name = InfoPlist.strings;
			sourceTree = "<group>";
		};
		25390C691938C54D000E42FA /* Credits.rtf */ = {
			isa = PBXVariantGroup;
			children = (
				25390C6A1938C54D000E42FA /* en */,
			);
			name = Credits.rtf;
			sourceTree = "<group>";
		};
		25390C6E1938C54D000E42FA /* MainMenu.xib */ = {
			isa = PBXVariantGroup;
			children = (
				25390C6F1938C54D000E42FA /* Base */,
			);
			name = MainMenu.xib;
			sourceTree = "<group>";
		};
/* End PBXVariantGroup section */

/* Begin XCBuildConfiguration section */
		25390C731938C54D000E42FA /* Debug */ = {
			isa = XCBuildConfiguration;
			buildSettings = {
				ALWAYS_SEARCH_USER_PATHS = NO;
				CLANG_CXX_LANGUAGE_STANDARD = "gnu++0x";
				CLANG_CXX_LIBRARY = "libc++";
				CLANG_ENABLE_MODULES = YES;
				CLANG_ENABLE_OBJC_ARC = YES;
				CLANG_WARN_BOOL_CONVERSION = YES;
				CLANG_WARN_CONSTANT_CONVERSION = YES;
				CLANG_WARN_DIRECT_OBJC_ISA_USAGE = YES_ERROR;
				CLANG_WARN_EMPTY_BODY = YES;
				CLANG_WARN_ENUM_CONVERSION = YES;
				CLANG_WARN_INT_CONVERSION = YES;
				CLANG_WARN_OBJC_ROOT_CLASS = YES_ERROR;
				CLANG_WARN__DUPLICATE_METHOD_MATCH = YES;
				COPY_PHASE_STRIP = NO;
				GCC_C_LANGUAGE_STANDARD = gnu99;
				GCC_DYNAMIC_NO_PIC = NO;
				GCC_ENABLE_OBJC_EXCEPTIONS = YES;
				GCC_OPTIMIZATION_LEVEL = 0;
				GCC_PREPROCESSOR_DEFINITIONS = (
					"DEBUG=1",
					"$(inherited)",
				);
				GCC_SYMBOLS_PRIVATE_EXTERN = NO;
				GCC_WARN_64_TO_32_BIT_CONVERSION = YES;
				GCC_WARN_ABOUT_RETURN_TYPE = YES_ERROR;
				GCC_WARN_UNDECLARED_SELECTOR = YES;
				GCC_WARN_UNINITIALIZED_AUTOS = YES_AGGRESSIVE;
				GCC_WARN_UNUSED_FUNCTION = YES;
				GCC_WARN_UNUSED_VARIABLE = YES;
				MACOSX_DEPLOYMENT_TARGET = 10.9;
				ONLY_ACTIVE_ARCH = YES;
				SDKROOT = macosx;
			};
			name = Debug;
		};
		25390C741938C54D000E42FA /* Release */ = {
			isa = XCBuildConfiguration;
			buildSettings = {
				ALWAYS_SEARCH_USER_PATHS = NO;
				CLANG_CXX_LANGUAGE_STANDARD = "gnu++0x";
				CLANG_CXX_LIBRARY = "libc++";
				CLANG_ENABLE_MODULES = YES;
				CLANG_ENABLE_OBJC_ARC = YES;
				CLANG_WARN_BOOL_CONVERSION = YES;
				CLANG_WARN_CONSTANT_CONVERSION = YES;
				CLANG_WARN_DIRECT_OBJC_ISA_USAGE = YES_ERROR;
				CLANG_WARN_EMPTY_BODY = YES;
				CLANG_WARN_ENUM_CONVERSION = YES;
				CLANG_WARN_INT_CONVERSION = YES;
				CLANG_WARN_OBJC_ROOT_CLASS = YES_ERROR;
				CLANG_WARN__DUPLICATE_METHOD_MATCH = YES;
				COPY_PHASE_STRIP = YES;
				DEBUG_INFORMATION_FORMAT = "dwarf-with-dsym";
				ENABLE_NS_ASSERTIONS = NO;
				GCC_C_LANGUAGE_STANDARD = gnu99;
				GCC_ENABLE_OBJC_EXCEPTIONS = YES;
				GCC_WARN_64_TO_32_BIT_CONVERSION = YES;
				GCC_WARN_ABOUT_RETURN_TYPE = YES_ERROR;
				GCC_WARN_UNDECLARED_SELECTOR = YES;
				GCC_WARN_UNINITIALIZED_AUTOS = YES_AGGRESSIVE;
				GCC_WARN_UNUSED_FUNCTION = YES;
				GCC_WARN_UNUSED_VARIABLE = YES;
				MACOSX_DEPLOYMENT_TARGET = 10.9;
				SDKROOT = macosx;
			};
			name = Release;
		};
		25390C761938C54D000E42FA /* Debug */ = {
			isa = XCBuildConfiguration;
			buildSettings = {
				ASSETCATALOG_COMPILER_APPICON_NAME = AppIcon;
				COMBINE_HIDPI_IMAGES = YES;
				GCC_PRECOMPILE_PREFIX_HEADER = YES;
				GCC_PREFIX_HEADER = "Calculator/Calculator-Prefix.pch";
				INFOPLIST_FILE = "Calculator/Calculator-Info.plist";
				PRODUCT_NAME = "$(TARGET_NAME)";
				WRAPPER_EXTENSION = app;
			};
			name = Debug;
		};
		25390C771938C54D000E42FA /* Release */ = {
			isa = XCBuildConfiguration;
			buildSettings = {
				ASSETCATALOG_COMPILER_APPICON_NAME = AppIcon;
				COMBINE_HIDPI_IMAGES = YES;
				GCC_PRECOMPILE_PREFIX_HEADER = YES;
				GCC_PREFIX_HEADER = "Calculator/Calculator-Prefix.pch";
				INFOPLIST_FILE = "Calculator/Calculator-Info.plist";
				PRODUCT_NAME = "$(TARGET_NAME)";
				WRAPPER_EXTENSION = app;
			};
			name = Release;
		};
/* End XCBuildConfiguration section */

/* Begin XCConfigurationList section */
		25390C501938C54D000E42FA /* Build configuration list for PBXProject "Calculator" */ = {
			isa = XCConfigurationList;
			buildConfigurations = (
				25390C731938C54D000E42FA /* Debug */,
				25390C741938C54D000E42FA /* Release */,
			);
			defaultConfigurationIsVisible = 0;
			defaultConfigurationName = Release;
		};
		25390C751938C54D000E42FA /* Build configuration list for PBXNativeTarget "Calculator" */ = {
			isa = XCConfigurationList;
			buildConfigurations = (
				25390C761938C54D000E42FA /* Debug */,
				25390C771938C54D000E42FA /* Release */,
			);
			defaultConfigurationIsVisible = 0;
			defaultConfigurationName = Release;
		};
/* End XCConfigurationList section */
	};
	rootObject = 25390C4D1938C54D000E42FA /* Project object */;
}
