// !$*UTF8*$!
{
	archiveVersion = 1;
	classes = {
	};
	objectVersion = 46;
	objects = {

/* Begin PBXBuildFile section */
		2568BE25193BF695001EE2C7 /* debug1.png in Resources */ = {isa = PBXBuildFile; fileRef = 2568BE23193BF695001EE2C7 /* debug1.png */; };
		2568BE26193BF695001EE2C7 /* debug2.png in Resources */ = {isa = PBXBuildFile; fileRef = 2568BE24193BF695001EE2C7 /* debug2.png */; };
		25698E1F1939C138005F78EF /* Cocoa.framework in Frameworks */ = {isa = PBXBuildFile; fileRef = 25698E1E1939C138005F78EF /* Cocoa.framework */; };
		25698E291939C138005F78EF /* InfoPlist.strings in Resources */ = {isa = PBXBuildFile; fileRef = 25698E271939C138005F78EF /* InfoPlist.strings */; };
		25698E2B1939C138005F78EF /* main.m in Sources */ = {isa = PBXBuildFile; fileRef = 25698E2A1939C138005F78EF /* main.m */; };
		25698E2F1939C138005F78EF /* Credits.rtf in Resources */ = {isa = PBXBuildFile; fileRef = 25698E2D1939C138005F78EF /* Credits.rtf */; };
		25698E321939C138005F78EF /* AppDelegate.m in Sources */ = {isa = PBXBuildFile; fileRef = 25698E311939C138005F78EF /* AppDelegate.m */; };
		25698E351939C138005F78EF /* MainMenu.xib in Resources */ = {isa = PBXBuildFile; fileRef = 25698E331939C138005F78EF /* MainMenu.xib */; };
		25698E371939C138005F78EF /* Images.xcassets in Resources */ = {isa = PBXBuildFile; fileRef = 25698E361939C138005F78EF /* Images.xcassets */; };
		25698E3E1939C138005F78EF /* XCTest.framework in Frameworks */ = {isa = PBXBuildFile; fileRef = 25698E3D1939C138005F78EF /* XCTest.framework */; };
		25698E3F1939C138005F78EF /* Cocoa.framework in Frameworks */ = {isa = PBXBuildFile; fileRef = 25698E1E1939C138005F78EF /* Cocoa.framework */; };
		25698E471939C138005F78EF /* InfoPlist.strings in Resources */ = {isa = PBXBuildFile; fileRef = 25698E451939C138005F78EF /* InfoPlist.strings */; };
		25698E491939C138005F78EF /* File_read_writeTests.m in Sources */ = {isa = PBXBuildFile; fileRef = 25698E481939C138005F78EF /* File_read_writeTests.m */; };
		25698E55193A2026005F78EF /* example.png in Resources */ = {isa = PBXBuildFile; fileRef = 25698E54193A2026005F78EF /* example.png */; };
/* End PBXBuildFile section */

/* Begin PBXContainerItemProxy section */
		25698E401939C138005F78EF /* PBXContainerItemProxy */ = {
			isa = PBXContainerItemProxy;
			containerPortal = 25698E131939C138005F78EF /* Project object */;
			proxyType = 1;
			remoteGlobalIDString = 25698E1A1939C138005F78EF;
			remoteInfo = "File read write";
		};
/* End PBXContainerItemProxy section */

/* Begin PBXFileReference section */
		2568BE23193BF695001EE2C7 /* debug1.png */ = {isa = PBXFileReference; lastKnownFileType = image.png; path = debug1.png; sourceTree = "<group>"; };
		2568BE24193BF695001EE2C7 /* debug2.png */ = {isa = PBXFileReference; lastKnownFileType = image.png; path = debug2.png; sourceTree = "<group>"; };
		25698E1B1939C138005F78EF /* File read write.app */ = {isa = PBXFileReference; explicitFileType = wrapper.application; includeInIndex = 0; path = "File read write.app"; sourceTree = BUILT_PRODUCTS_DIR; };
		25698E1E1939C138005F78EF /* Cocoa.framework */ = {isa = PBXFileReference; lastKnownFileType = wrapper.framework; name = Cocoa.framework; path = System/Library/Frameworks/Cocoa.framework; sourceTree = SDKROOT; };
		25698E211939C138005F78EF /* AppKit.framework */ = {isa = PBXFileReference; lastKnownFileType = wrapper.framework; name = AppKit.framework; path = System/Library/Frameworks/AppKit.framework; sourceTree = SDKROOT; };
		25698E221939C138005F78EF /* CoreData.framework */ = {isa = PBXFileReference; lastKnownFileType = wrapper.framework; name = CoreData.framework; path = System/Library/Frameworks/CoreData.framework; sourceTree = SDKROOT; };
		25698E231939C138005F78EF /* Foundation.framework */ = {isa = PBXFileReference; lastKnownFileType = wrapper.framework; name = Foundation.framework; path = System/Library/Frameworks/Foundation.framework; sourceTree = SDKROOT; };
		25698E261939C138005F78EF /* File read write-Info.plist */ = {isa = PBXFileReference; lastKnownFileType = text.plist.xml; path = "File read write-Info.plist"; sourceTree = "<group>"; };
		25698E281939C138005F78EF /* en */ = {isa = PBXFileReference; lastKnownFileType = text.plist.strings; name = en; path = en.lproj/InfoPlist.strings; sourceTree = "<group>"; };
		25698E2A1939C138005F78EF /* main.m */ = {isa = PBXFileReference; lastKnownFileType = sourcecode.c.objc; path = main.m; sourceTree = "<group>"; };
		25698E2C1939C138005F78EF /* File read write-Prefix.pch */ = {isa = PBXFileReference; lastKnownFileType = sourcecode.c.h; path = "File read write-Prefix.pch"; sourceTree = "<group>"; };
		25698E2E1939C138005F78EF /* en */ = {isa = PBXFileReference; lastKnownFileType = text.rtf; name = en; path = en.lproj/Credits.rtf; sourceTree = "<group>"; };
		25698E301939C138005F78EF /* AppDelegate.h */ = {isa = PBXFileReference; lastKnownFileType = sourcecode.c.h; path = AppDelegate.h; sourceTree = "<group>"; };
		25698E311939C138005F78EF /* AppDelegate.m */ = {isa = PBXFileReference; lastKnownFileType = sourcecode.c.objc; path = AppDelegate.m; sourceTree = "<group>"; };
		25698E341939C138005F78EF /* Base */ = {isa = PBXFileReference; lastKnownFileType = file.xib; name = Base; path = Base.lproj/MainMenu.xib; sourceTree = "<group>"; };
		25698E361939C138005F78EF /* Images.xcassets */ = {isa = PBXFileReference; lastKnownFileType = folder.assetcatalog; path = Images.xcassets; sourceTree = "<group>"; };
		25698E3C1939C138005F78EF /* File read writeTests.xctest */ = {isa = PBXFileReference; explicitFileType = wrapper.cfbundle; includeInIndex = 0; path = "File read writeTests.xctest"; sourceTree = BUILT_PRODUCTS_DIR; };
		25698E3D1939C138005F78EF /* XCTest.framework */ = {isa = PBXFileReference; lastKnownFileType = wrapper.framework; name = XCTest.framework; path = Library/Frameworks/XCTest.framework; sourceTree = DEVELOPER_DIR; };
		25698E441939C138005F78EF /* File read writeTests-Info.plist */ = {isa = PBXFileReference; lastKnownFileType = text.plist.xml; path = "File read writeTests-Info.plist"; sourceTree = "<group>"; };
		25698E461939C138005F78EF /* en */ = {isa = PBXFileReference; lastKnownFileType = text.plist.strings; name = en; path = en.lproj/InfoPlist.strings; sourceTree = "<group>"; };
		25698E481939C138005F78EF /* File_read_writeTests.m */ = {isa = PBXFileReference; lastKnownFileType = sourcecode.c.objc; path = File_read_writeTests.m; sourceTree = "<group>"; };
		25698E54193A2026005F78EF /* example.png */ = {isa = PBXFileReference; lastKnownFileType = image.png; path = example.png; sourceTree = "<group>"; };
/* End PBXFileReference section */

/* Begin PBXFrameworksBuildPhase section */
		25698E181939C138005F78EF /* Frameworks */ = {
			isa = PBXFrameworksBuildPhase;
			buildActionMask = 2147483647;
			files = (
				25698E1F1939C138005F78EF /* Cocoa.framework in Frameworks */,
			);
			runOnlyForDeploymentPostprocessing = 0;
		};
		25698E391939C138005F78EF /* Frameworks */ = {
			isa = PBXFrameworksBuildPhase;
			buildActionMask = 2147483647;
			files = (
				25698E3F1939C138005F78EF /* Cocoa.framework in Frameworks */,
				25698E3E1939C138005F78EF /* XCTest.framework in Frameworks */,
			);
			runOnlyForDeploymentPostprocessing = 0;
		};
/* End PBXFrameworksBuildPhase section */

/* Begin PBXGroup section */
		2568BE27193BF760001EE2C7 /* Documents */ = {
			isa = PBXGroup;
			children = (
				2568BE23193BF695001EE2C7 /* debug1.png */,
				2568BE24193BF695001EE2C7 /* debug2.png */,
			);
			name = Documents;
			sourceTree = "<group>";
		};
		25698E121939C138005F78EF = {
			isa = PBXGroup;
			children = (
				2568BE27193BF760001EE2C7 /* Documents */,
				25698E54193A2026005F78EF /* example.png */,
				25698E241939C138005F78EF /* File read write */,
				25698E421939C138005F78EF /* File read writeTests */,
				25698E1D1939C138005F78EF /* Frameworks */,
				25698E1C1939C138005F78EF /* Products */,
			);
			sourceTree = "<group>";
		};
		25698E1C1939C138005F78EF /* Products */ = {
			isa = PBXGroup;
			children = (
				25698E1B1939C138005F78EF /* File read write.app */,
				25698E3C1939C138005F78EF /* File read writeTests.xctest */,
			);
			name = Products;
			sourceTree = "<group>";
		};
		25698E1D1939C138005F78EF /* Frameworks */ = {
			isa = PBXGroup;
			children = (
				25698E1E1939C138005F78EF /* Cocoa.framework */,
				25698E3D1939C138005F78EF /* XCTest.framework */,
				25698E201939C138005F78EF /* Other Frameworks */,
			);
			name = Frameworks;
			sourceTree = "<group>";
		};
		25698E201939C138005F78EF /* Other Frameworks */ = {
			isa = PBXGroup;
			children = (
				25698E211939C138005F78EF /* AppKit.framework */,
				25698E221939C138005F78EF /* CoreData.framework */,
				25698E231939C138005F78EF /* Foundation.framework */,
			);
			name = "Other Frameworks";
			sourceTree = "<group>";
		};
		25698E241939C138005F78EF /* File read write */ = {
			isa = PBXGroup;
			children = (
				25698E301939C138005F78EF /* AppDelegate.h */,
				25698E311939C138005F78EF /* AppDelegate.m */,
				25698E331939C138005F78EF /* MainMenu.xib */,
				25698E361939C138005F78EF /* Images.xcassets */,
				25698E251939C138005F78EF /* Supporting Files */,
			);
			path = "File read write";
			sourceTree = "<group>";
		};
		25698E251939C138005F78EF /* Supporting Files */ = {
			isa = PBXGroup;
			children = (
				25698E261939C138005F78EF /* File read write-Info.plist */,
				25698E271939C138005F78EF /* InfoPlist.strings */,
				25698E2A1939C138005F78EF /* main.m */,
				25698E2C1939C138005F78EF /* File read write-Prefix.pch */,
				25698E2D1939C138005F78EF /* Credits.rtf */,
			);
			name = "Supporting Files";
			sourceTree = "<group>";
		};
		25698E421939C138005F78EF /* File read writeTests */ = {
			isa = PBXGroup;
			children = (
				25698E481939C138005F78EF /* File_read_writeTests.m */,
				25698E431939C138005F78EF /* Supporting Files */,
			);
			path = "File read writeTests";
			sourceTree = "<group>";
		};
		25698E431939C138005F78EF /* Supporting Files */ = {
			isa = PBXGroup;
			children = (
				25698E441939C138005F78EF /* File read writeTests-Info.plist */,
				25698E451939C138005F78EF /* InfoPlist.strings */,
			);
			name = "Supporting Files";
			sourceTree = "<group>";
		};
/* End PBXGroup section */

/* Begin PBXNativeTarget section */
		25698E1A1939C138005F78EF /* File read write */ = {
			isa = PBXNativeTarget;
			buildConfigurationList = 25698E4C1939C138005F78EF /* Build configuration list for PBXNativeTarget "File read write" */;
			buildPhases = (
				25698E171939C138005F78EF /* Sources */,
				25698E181939C138005F78EF /* Frameworks */,
				25698E191939C138005F78EF /* Resources */,
			);
			buildRules = (
			);
			dependencies = (
			);
			name = "File read write";
			productName = "File read write";
			productReference = 25698E1B1939C138005F78EF /* File read write.app */;
			productType = "com.apple.product-type.application";
		};
		25698E3B1939C138005F78EF /* File read writeTests */ = {
			isa = PBXNativeTarget;
			buildConfigurationList = 25698E4F1939C138005F78EF /* Build configuration list for PBXNativeTarget "File read writeTests" */;
			buildPhases = (
				25698E381939C138005F78EF /* Sources */,
				25698E391939C138005F78EF /* Frameworks */,
				25698E3A1939C138005F78EF /* Resources */,
			);
			buildRules = (
			);
			dependencies = (
				25698E411939C138005F78EF /* PBXTargetDependency */,
			);
			name = "File read writeTests";
			productName = "File read writeTests";
			productReference = 25698E3C1939C138005F78EF /* File read writeTests.xctest */;
			productType = "com.apple.product-type.bundle.unit-test";
		};
/* End PBXNativeTarget section */

/* Begin PBXProject section */
		25698E131939C138005F78EF /* Project object */ = {
			isa = PBXProject;
			attributes = {
				LastUpgradeCheck = 0510;
				ORGANIZATIONNAME = c9iim;
				TargetAttributes = {
					25698E3B1939C138005F78EF = {
						TestTargetID = 25698E1A1939C138005F78EF;
					};
				};
			};
			buildConfigurationList = 25698E161939C138005F78EF /* Build configuration list for PBXProject "File read write" */;
			compatibilityVersion = "Xcode 3.2";
			developmentRegion = English;
			hasScannedForEncodings = 0;
			knownRegions = (
				en,
				Base,
			);
			mainGroup = 25698E121939C138005F78EF;
			productRefGroup = 25698E1C1939C138005F78EF /* Products */;
			projectDirPath = "";
			projectRoot = "";
			targets = (
				25698E1A1939C138005F78EF /* File read write */,
				25698E3B1939C138005F78EF /* File read writeTests */,
			);
		};
/* End PBXProject section */

/* Begin PBXResourcesBuildPhase section */
		25698E191939C138005F78EF /* Resources */ = {
			isa = PBXResourcesBuildPhase;
			buildActionMask = 2147483647;
			files = (
				2568BE26193BF695001EE2C7 /* debug2.png in Resources */,
				25698E291939C138005F78EF /* InfoPlist.strings in Resources */,
				2568BE25193BF695001EE2C7 /* debug1.png in Resources */,
				25698E371939C138005F78EF /* Images.xcassets in Resources */,
				25698E2F1939C138005F78EF /* Credits.rtf in Resources */,
				25698E351939C138005F78EF /* MainMenu.xib in Resources */,
				25698E55193A2026005F78EF /* example.png in Resources */,
			);
			runOnlyForDeploymentPostprocessing = 0;
		};
		25698E3A1939C138005F78EF /* Resources */ = {
			isa = PBXResourcesBuildPhase;
			buildActionMask = 2147483647;
			files = (
				25698E471939C138005F78EF /* InfoPlist.strings in Resources */,
			);
			runOnlyForDeploymentPostprocessing = 0;
		};
/* End PBXResourcesBuildPhase section */

/* Begin PBXSourcesBuildPhase section */
		25698E171939C138005F78EF /* Sources */ = {
			isa = PBXSourcesBuildPhase;
			buildActionMask = 2147483647;
			files = (
				25698E321939C138005F78EF /* AppDelegate.m in Sources */,
				25698E2B1939C138005F78EF /* main.m in Sources */,
			);
			runOnlyForDeploymentPostprocessing = 0;
		};
		25698E381939C138005F78EF /* Sources */ = {
			isa = PBXSourcesBuildPhase;
			buildActionMask = 2147483647;
			files = (
				25698E491939C138005F78EF /* File_read_writeTests.m in Sources */,
			);
			runOnlyForDeploymentPostprocessing = 0;
		};
/* End PBXSourcesBuildPhase section */

/* Begin PBXTargetDependency section */
		25698E411939C138005F78EF /* PBXTargetDependency */ = {
			isa = PBXTargetDependency;
			target = 25698E1A1939C138005F78EF /* File read write */;
			targetProxy = 25698E401939C138005F78EF /* PBXContainerItemProxy */;
		};
/* End PBXTargetDependency section */

/* Begin PBXVariantGroup section */
		25698E271939C138005F78EF /* InfoPlist.strings */ = {
			isa = PBXVariantGroup;
			children = (
				25698E281939C138005F78EF /* en */,
			);
			name = InfoPlist.strings;
			sourceTree = "<group>";
		};
		25698E2D1939C138005F78EF /* Credits.rtf */ = {
			isa = PBXVariantGroup;
			children = (
				25698E2E1939C138005F78EF /* en */,
			);
			name = Credits.rtf;
			sourceTree = "<group>";
		};
		25698E331939C138005F78EF /* MainMenu.xib */ = {
			isa = PBXVariantGroup;
			children = (
				25698E341939C138005F78EF /* Base */,
			);
			name = MainMenu.xib;
			sourceTree = "<group>";
		};
		25698E451939C138005F78EF /* InfoPlist.strings */ = {
			isa = PBXVariantGroup;
			children = (
				25698E461939C138005F78EF /* en */,
			);
			name = InfoPlist.strings;
			sourceTree = "<group>";
		};
/* End PBXVariantGroup section */

/* Begin XCBuildConfiguration section */
		25698E4A1939C138005F78EF /* Debug */ = {
			isa = XCBuildConfiguration;
			buildSettings = {
				ALWAYS_SEARCH_USER_PATHS = NO;
				CLANG_CXX_LANGUAGE_STANDARD = "gnu++0x";
				CLANG_CXX_LIBRARY = "libc++";
				CLANG_ENABLE_MODULES = YES;
				CLANG_ENABLE_OBJC_ARC = YES;
				CLANG_WARN_BOOL_CONVERSION = YES;
				CLANG_WARN_CONSTANT_CONVERSION = YES;
				CLANG_WARN_DIRECT_OBJC_ISA_USAGE = YES_ERROR;
				CLANG_WARN_EMPTY_BODY = YES;
				CLANG_WARN_ENUM_CONVERSION = YES;
				CLANG_WARN_INT_CONVERSION = YES;
				CLANG_WARN_OBJC_ROOT_CLASS = YES_ERROR;
				CLANG_WARN__DUPLICATE_METHOD_MATCH = YES;
				COPY_PHASE_STRIP = NO;
				GCC_C_LANGUAGE_STANDARD = gnu99;
				GCC_DYNAMIC_NO_PIC = NO;
				GCC_ENABLE_OBJC_EXCEPTIONS = YES;
				GCC_OPTIMIZATION_LEVEL = 0;
				GCC_PREPROCESSOR_DEFINITIONS = (
					"DEBUG=1",
					"$(inherited)",
				);
				GCC_SYMBOLS_PRIVATE_EXTERN = NO;
				GCC_WARN_64_TO_32_BIT_CONVERSION = YES;
				GCC_WARN_ABOUT_RETURN_TYPE = YES_ERROR;
				GCC_WARN_UNDECLARED_SELECTOR = YES;
				GCC_WARN_UNINITIALIZED_AUTOS = YES_AGGRESSIVE;
				GCC_WARN_UNUSED_FUNCTION = YES;
				GCC_WARN_UNUSED_VARIABLE = YES;
				MACOSX_DEPLOYMENT_TARGET = 10.9;
				ONLY_ACTIVE_ARCH = YES;
				SDKROOT = macosx;
			};
			name = Debug;
		};
		25698E4B1939C138005F78EF /* Release */ = {
			isa = XCBuildConfiguration;
			buildSettings = {
				ALWAYS_SEARCH_USER_PATHS = NO;
				CLANG_CXX_LANGUAGE_STANDARD = "gnu++0x";
				CLANG_CXX_LIBRARY = "libc++";
				CLANG_ENABLE_MODULES = YES;
				CLANG_ENABLE_OBJC_ARC = YES;
				CLANG_WARN_BOOL_CONVERSION = YES;
				CLANG_WARN_CONSTANT_CONVERSION = YES;
				CLANG_WARN_DIRECT_OBJC_ISA_USAGE = YES_ERROR;
				CLANG_WARN_EMPTY_BODY = YES;
				CLANG_WARN_ENUM_CONVERSION = YES;
				CLANG_WARN_INT_CONVERSION = YES;
				CLANG_WARN_OBJC_ROOT_CLASS = YES_ERROR;
				CLANG_WARN__DUPLICATE_METHOD_MATCH = YES;
				COPY_PHASE_STRIP = YES;
				DEBUG_INFORMATION_FORMAT = "dwarf-with-dsym";
				ENABLE_NS_ASSERTIONS = NO;
				GCC_C_LANGUAGE_STANDARD = gnu99;
				GCC_ENABLE_OBJC_EXCEPTIONS = YES;
				GCC_WARN_64_TO_32_BIT_CONVERSION = YES;
				GCC_WARN_ABOUT_RETURN_TYPE = YES_ERROR;
				GCC_WARN_UNDECLARED_SELECTOR = YES;
				GCC_WARN_UNINITIALIZED_AUTOS = YES_AGGRESSIVE;
				GCC_WARN_UNUSED_FUNCTION = YES;
				GCC_WARN_UNUSED_VARIABLE = YES;
				MACOSX_DEPLOYMENT_TARGET = 10.9;
				SDKROOT = macosx;
			};
			name = Release;
		};
		25698E4D1939C138005F78EF /* Debug */ = {
			isa = XCBuildConfiguration;
			buildSettings = {
				ASSETCATALOG_COMPILER_APPICON_NAME = AppIcon;
				COMBINE_HIDPI_IMAGES = YES;
				GCC_PRECOMPILE_PREFIX_HEADER = YES;
				GCC_PREFIX_HEADER = "File read write/File read write-Prefix.pch";
				INFOPLIST_FILE = "File read write/File read write-Info.plist";
				PRODUCT_NAME = "$(TARGET_NAME)";
				WRAPPER_EXTENSION = app;
			};
			name = Debug;
		};
		25698E4E1939C138005F78EF /* Release */ = {
			isa = XCBuildConfiguration;
			buildSettings = {
				ASSETCATALOG_COMPILER_APPICON_NAME = AppIcon;
				COMBINE_HIDPI_IMAGES = YES;
				GCC_PRECOMPILE_PREFIX_HEADER = YES;
				GCC_PREFIX_HEADER = "File read write/File read write-Prefix.pch";
				INFOPLIST_FILE = "File read write/File read write-Info.plist";
				PRODUCT_NAME = "$(TARGET_NAME)";
				WRAPPER_EXTENSION = app;
			};
			name = Release;
		};
		25698E501939C138005F78EF /* Debug */ = {
			isa = XCBuildConfiguration;
			buildSettings = {
				BUNDLE_LOADER = "$(BUILT_PRODUCTS_DIR)/File read write.app/Contents/MacOS/File read write";
				COMBINE_HIDPI_IMAGES = YES;
				FRAMEWORK_SEARCH_PATHS = (
					"$(DEVELOPER_FRAMEWORKS_DIR)",
					"$(inherited)",
				);
				GCC_PRECOMPILE_PREFIX_HEADER = YES;
				GCC_PREFIX_HEADER = "File read write/File read write-Prefix.pch";
				GCC_PREPROCESSOR_DEFINITIONS = (
					"DEBUG=1",
					"$(inherited)",
				);
				INFOPLIST_FILE = "File read writeTests/File read writeTests-Info.plist";
				PRODUCT_NAME = "$(TARGET_NAME)";
				TEST_HOST = "$(BUNDLE_LOADER)";
				WRAPPER_EXTENSION = xctest;
			};
			name = Debug;
		};
		25698E511939C138005F78EF /* Release */ = {
			isa = XCBuildConfiguration;
			buildSettings = {
				BUNDLE_LOADER = "$(BUILT_PRODUCTS_DIR)/File read write.app/Contents/MacOS/File read write";
				COMBINE_HIDPI_IMAGES = YES;
				FRAMEWORK_SEARCH_PATHS = (
					"$(DEVELOPER_FRAMEWORKS_DIR)",
					"$(inherited)",
				);
				GCC_PRECOMPILE_PREFIX_HEADER = YES;
				GCC_PREFIX_HEADER = "File read write/File read write-Prefix.pch";
				INFOPLIST_FILE = "File read writeTests/File read writeTests-Info.plist";
				PRODUCT_NAME = "$(TARGET_NAME)";
				TEST_HOST = "$(BUNDLE_LOADER)";
				WRAPPER_EXTENSION = xctest;
			};
			name = Release;
		};
/* End XCBuildConfiguration section */

/* Begin XCConfigurationList section */
		25698E161939C138005F78EF /* Build configuration list for PBXProject "File read write" */ = {
			isa = XCConfigurationList;
			buildConfigurations = (
				25698E4A1939C138005F78EF /* Debug */,
				25698E4B1939C138005F78EF /* Release */,
			);
			defaultConfigurationIsVisible = 0;
			defaultConfigurationName = Release;
		};
		25698E4C1939C138005F78EF /* Build configuration list for PBXNativeTarget "File read write" */ = {
			isa = XCConfigurationList;
			buildConfigurations = (
				25698E4D1939C138005F78EF /* Debug */,
				25698E4E1939C138005F78EF /* Release */,
			);
			defaultConfigurationIsVisible = 0;
			defaultConfigurationName = Release;
		};
		25698E4F1939C138005F78EF /* Build configuration list for PBXNativeTarget "File read writeTests" */ = {
			isa = XCConfigurationList;
			buildConfigurations = (
				25698E501939C138005F78EF /* Debug */,
				25698E511939C138005F78EF /* Release */,
			);
			defaultConfigurationIsVisible = 0;
			defaultConfigurationName = Release;
		};
/* End XCConfigurationList section */
	};
	rootObject = 25698E131939C138005F78EF /* Project object */;
}
